// !$*UTF8*$!
{
	archiveVersion = 1;
	classes = {
	};
	objectVersion = 56;
	objects = {

/* Begin PBXBuildFile section */
		9AE5AA872C6DDB93003FEEC3 /* Netflix_iOSCloneApp.swift in Sources */ = {isa = PBXBuildFile; fileRef = 9AE5AA862C6DDB93003FEEC3 /* Netflix_iOSCloneApp.swift */; };
		9AE5AA892C6DDB93003FEEC3 /* ContentView.swift in Sources */ = {isa = PBXBuildFile; fileRef = 9AE5AA882C6DDB93003FEEC3 /* ContentView.swift */; };
		9AE5AA8B2C6DDB95003FEEC3 /* Assets.xcassets in Resources */ = {isa = PBXBuildFile; fileRef = 9AE5AA8A2C6DDB95003FEEC3 /* Assets.xcassets */; };
		9AE5AA8E2C6DDB95003FEEC3 /* Preview Assets.xcassets in Resources */ = {isa = PBXBuildFile; fileRef = 9AE5AA8D2C6DDB95003FEEC3 /* Preview Assets.xcassets */; };
		9AE5AA982C6DDB95003FEEC3 /* Netflix_iOSCloneTests.swift in Sources */ = {isa = PBXBuildFile; fileRef = 9AE5AA972C6DDB95003FEEC3 /* Netflix_iOSCloneTests.swift */; };
		9AE5AAA22C6DDB95003FEEC3 /* Netflix_iOSCloneUITests.swift in Sources */ = {isa = PBXBuildFile; fileRef = 9AE5AAA12C6DDB95003FEEC3 /* Netflix_iOSCloneUITests.swift */; };
		9AE5AAA42C6DDB95003FEEC3 /* Netflix_iOSCloneUITestsLaunchTests.swift in Sources */ = {isa = PBXBuildFile; fileRef = 9AE5AAA32C6DDB95003FEEC3 /* Netflix_iOSCloneUITestsLaunchTests.swift */; };
		9AE5AAB32C6DDCDA003FEEC3 /* HomeView.swift in Sources */ = {isa = PBXBuildFile; fileRef = 9AE5AAB22C6DDCDA003FEEC3 /* HomeView.swift */; };
		9AE5AAB52C6DEC41003FEEC3 /* FilterCell.swift in Sources */ = {isa = PBXBuildFile; fileRef = 9AE5AAB42C6DEC41003FEEC3 /* FilterCell.swift */; };
		9AE5AAB72C6DF00F003FEEC3 /* FilterScrollView.swift in Sources */ = {isa = PBXBuildFile; fileRef = 9AE5AAB62C6DF00F003FEEC3 /* FilterScrollView.swift */; };
		9AE5AABA2C6DF0D6003FEEC3 /* FilterModel.swift in Sources */ = {isa = PBXBuildFile; fileRef = 9AE5AAB92C6DF0D6003FEEC3 /* FilterModel.swift */; };
/* End PBXBuildFile section */

/* Begin PBXContainerItemProxy section */
		9AE5AA942C6DDB95003FEEC3 /* PBXContainerItemProxy */ = {
			isa = PBXContainerItemProxy;
			containerPortal = 9AE5AA7B2C6DDB93003FEEC3 /* Project object */;
			proxyType = 1;
			remoteGlobalIDString = 9AE5AA822C6DDB93003FEEC3;
			remoteInfo = "Netflix-iOSClone";
		};
		9AE5AA9E2C6DDB95003FEEC3 /* PBXContainerItemProxy */ = {
			isa = PBXContainerItemProxy;
			containerPortal = 9AE5AA7B2C6DDB93003FEEC3 /* Project object */;
			proxyType = 1;
			remoteGlobalIDString = 9AE5AA822C6DDB93003FEEC3;
			remoteInfo = "Netflix-iOSClone";
		};
/* End PBXContainerItemProxy section */

/* Begin PBXFileReference section */
		9AE5AA832C6DDB93003FEEC3 /* Netflix-iOSClone.app */ = {isa = PBXFileReference; explicitFileType = wrapper.application; includeInIndex = 0; path = "Netflix-iOSClone.app"; sourceTree = BUILT_PRODUCTS_DIR; };
		9AE5AA862C6DDB93003FEEC3 /* Netflix_iOSCloneApp.swift */ = {isa = PBXFileReference; lastKnownFileType = sourcecode.swift; path = Netflix_iOSCloneApp.swift; sourceTree = "<group>"; };
		9AE5AA882C6DDB93003FEEC3 /* ContentView.swift */ = {isa = PBXFileReference; lastKnownFileType = sourcecode.swift; path = ContentView.swift; sourceTree = "<group>"; };
		9AE5AA8A2C6DDB95003FEEC3 /* Assets.xcassets */ = {isa = PBXFileReference; lastKnownFileType = folder.assetcatalog; path = Assets.xcassets; sourceTree = "<group>"; };
		9AE5AA8D2C6DDB95003FEEC3 /* Preview Assets.xcassets */ = {isa = PBXFileReference; lastKnownFileType = folder.assetcatalog; path = "Preview Assets.xcassets"; sourceTree = "<group>"; };
		9AE5AA932C6DDB95003FEEC3 /* Netflix-iOSCloneTests.xctest */ = {isa = PBXFileReference; explicitFileType = wrapper.cfbundle; includeInIndex = 0; path = "Netflix-iOSCloneTests.xctest"; sourceTree = BUILT_PRODUCTS_DIR; };
		9AE5AA972C6DDB95003FEEC3 /* Netflix_iOSCloneTests.swift */ = {isa = PBXFileReference; lastKnownFileType = sourcecode.swift; path = Netflix_iOSCloneTests.swift; sourceTree = "<group>"; };
		9AE5AA9D2C6DDB95003FEEC3 /* Netflix-iOSCloneUITests.xctest */ = {isa = PBXFileReference; explicitFileType = wrapper.cfbundle; includeInIndex = 0; path = "Netflix-iOSCloneUITests.xctest"; sourceTree = BUILT_PRODUCTS_DIR; };
		9AE5AAA12C6DDB95003FEEC3 /* Netflix_iOSCloneUITests.swift */ = {isa = PBXFileReference; lastKnownFileType = sourcecode.swift; path = Netflix_iOSCloneUITests.swift; sourceTree = "<group>"; };
		9AE5AAA32C6DDB95003FEEC3 /* Netflix_iOSCloneUITestsLaunchTests.swift */ = {isa = PBXFileReference; lastKnownFileType = sourcecode.swift; path = Netflix_iOSCloneUITestsLaunchTests.swift; sourceTree = "<group>"; };
		9AE5AAB22C6DDCDA003FEEC3 /* HomeView.swift */ = {isa = PBXFileReference; lastKnownFileType = sourcecode.swift; path = HomeView.swift; sourceTree = "<group>"; };
		9AE5AAB42C6DEC41003FEEC3 /* FilterCell.swift */ = {isa = PBXFileReference; lastKnownFileType = sourcecode.swift; path = FilterCell.swift; sourceTree = "<group>"; };
		9AE5AAB62C6DF00F003FEEC3 /* FilterScrollView.swift */ = {isa = PBXFileReference; lastKnownFileType = sourcecode.swift; path = FilterScrollView.swift; sourceTree = "<group>"; };
		9AE5AAB92C6DF0D6003FEEC3 /* FilterModel.swift */ = {isa = PBXFileReference; lastKnownFileType = sourcecode.swift; path = FilterModel.swift; sourceTree = "<group>"; };
/* End PBXFileReference section */

/* Begin PBXFrameworksBuildPhase section */
		9AE5AA802C6DDB93003FEEC3 /* Frameworks */ = {
			isa = PBXFrameworksBuildPhase;
			buildActionMask = 2147483647;
			files = (
			);
			runOnlyForDeploymentPostprocessing = 0;
		};
		9AE5AA902C6DDB95003FEEC3 /* Frameworks */ = {
			isa = PBXFrameworksBuildPhase;
			buildActionMask = 2147483647;
			files = (
			);
			runOnlyForDeploymentPostprocessing = 0;
		};
		9AE5AA9A2C6DDB95003FEEC3 /* Frameworks */ = {
			isa = PBXFrameworksBuildPhase;
			buildActionMask = 2147483647;
			files = (
			);
			runOnlyForDeploymentPostprocessing = 0;
		};
/* End PBXFrameworksBuildPhase section */

/* Begin PBXGroup section */
		9AE5AA7A2C6DDB93003FEEC3 = {
			isa = PBXGroup;
			children = (
				9AE5AA852C6DDB93003FEEC3 /* Netflix-iOSClone */,
				9AE5AA962C6DDB95003FEEC3 /* Netflix-iOSCloneTests */,
				9AE5AAA02C6DDB95003FEEC3 /* Netflix-iOSCloneUITests */,
				9AE5AA842C6DDB93003FEEC3 /* Products */,
			);
			sourceTree = "<group>";
		};
		9AE5AA842C6DDB93003FEEC3 /* Products */ = {
			isa = PBXGroup;
			children = (
				9AE5AA832C6DDB93003FEEC3 /* Netflix-iOSClone.app */,
				9AE5AA932C6DDB95003FEEC3 /* Netflix-iOSCloneTests.xctest */,
				9AE5AA9D2C6DDB95003FEEC3 /* Netflix-iOSCloneUITests.xctest */,
			);
			name = Products;
			sourceTree = "<group>";
		};
		9AE5AA852C6DDB93003FEEC3 /* Netflix-iOSClone */ = {
			isa = PBXGroup;
			children = (
				9AE5AAB82C6DF0C6003FEEC3 /* Models */,
				9AE5AAB12C6DDCBA003FEEC3 /* Components */,
				9AE5AAB02C6DDCB7003FEEC3 /* Core */,
				9AE5AA862C6DDB93003FEEC3 /* Netflix_iOSCloneApp.swift */,
				9AE5AA882C6DDB93003FEEC3 /* ContentView.swift */,
				9AE5AA8A2C6DDB95003FEEC3 /* Assets.xcassets */,
				9AE5AA8C2C6DDB95003FEEC3 /* Preview Content */,
			);
			path = "Netflix-iOSClone";
			sourceTree = "<group>";
		};
		9AE5AA8C2C6DDB95003FEEC3 /* Preview Content */ = {
			isa = PBXGroup;
			children = (
				9AE5AA8D2C6DDB95003FEEC3 /* Preview Assets.xcassets */,
			);
			path = "Preview Content";
			sourceTree = "<group>";
		};
		9AE5AA962C6DDB95003FEEC3 /* Netflix-iOSCloneTests */ = {
			isa = PBXGroup;
			children = (
				9AE5AA972C6DDB95003FEEC3 /* Netflix_iOSCloneTests.swift */,
			);
			path = "Netflix-iOSCloneTests";
			sourceTree = "<group>";
		};
		9AE5AAA02C6DDB95003FEEC3 /* Netflix-iOSCloneUITests */ = {
			isa = PBXGroup;
			children = (
				9AE5AAA12C6DDB95003FEEC3 /* Netflix_iOSCloneUITests.swift */,
				9AE5AAA32C6DDB95003FEEC3 /* Netflix_iOSCloneUITestsLaunchTests.swift */,
			);
			path = "Netflix-iOSCloneUITests";
			sourceTree = "<group>";
		};
		9AE5AAB02C6DDCB7003FEEC3 /* Core */ = {
			isa = PBXGroup;
			children = (
				9AE5AAB22C6DDCDA003FEEC3 /* HomeView.swift */,
			);
			path = Core;
			sourceTree = "<group>";
		};
		9AE5AAB12C6DDCBA003FEEC3 /* Components */ = {
			isa = PBXGroup;
			children = (
				9AE5AAB42C6DEC41003FEEC3 /* FilterCell.swift */,
				9AE5AAB62C6DF00F003FEEC3 /* FilterScrollView.swift */,
			);
			path = Components;
			sourceTree = "<group>";
		};
		9AE5AAB82C6DF0C6003FEEC3 /* Models */ = {
			isa = PBXGroup;
			children = (
				9AE5AAB92C6DF0D6003FEEC3 /* FilterModel.swift */,
			);
			path = Models;
			sourceTree = "<group>";
		};
/* End PBXGroup section */

/* Begin PBXNativeTarget section */
		9AE5AA822C6DDB93003FEEC3 /* Netflix-iOSClone */ = {
			isa = PBXNativeTarget;
			buildConfigurationList = 9AE5AAA72C6DDB95003FEEC3 /* Build configuration list for PBXNativeTarget "Netflix-iOSClone" */;
			buildPhases = (
				9AE5AA7F2C6DDB93003FEEC3 /* Sources */,
				9AE5AA802C6DDB93003FEEC3 /* Frameworks */,
				9AE5AA812C6DDB93003FEEC3 /* Resources */,
			);
			buildRules = (
			);
			dependencies = (
			);
			name = "Netflix-iOSClone";
			productName = "Netflix-iOSClone";
			productReference = 9AE5AA832C6DDB93003FEEC3 /* Netflix-iOSClone.app */;
			productType = "com.apple.product-type.application";
		};
		9AE5AA922C6DDB95003FEEC3 /* Netflix-iOSCloneTests */ = {
			isa = PBXNativeTarget;
			buildConfigurationList = 9AE5AAAA2C6DDB95003FEEC3 /* Build configuration list for PBXNativeTarget "Netflix-iOSCloneTests" */;
			buildPhases = (
				9AE5AA8F2C6DDB95003FEEC3 /* Sources */,
				9AE5AA902C6DDB95003FEEC3 /* Frameworks */,
				9AE5AA912C6DDB95003FEEC3 /* Resources */,
			);
			buildRules = (
			);
			dependencies = (
				9AE5AA952C6DDB95003FEEC3 /* PBXTargetDependency */,
			);
			name = "Netflix-iOSCloneTests";
			productName = "Netflix-iOSCloneTests";
			productReference = 9AE5AA932C6DDB95003FEEC3 /* Netflix-iOSCloneTests.xctest */;
			productType = "com.apple.product-type.bundle.unit-test";
		};
		9AE5AA9C2C6DDB95003FEEC3 /* Netflix-iOSCloneUITests */ = {
			isa = PBXNativeTarget;
			buildConfigurationList = 9AE5AAAD2C6DDB95003FEEC3 /* Build configuration list for PBXNativeTarget "Netflix-iOSCloneUITests" */;
			buildPhases = (
				9AE5AA992C6DDB95003FEEC3 /* Sources */,
				9AE5AA9A2C6DDB95003FEEC3 /* Frameworks */,
				9AE5AA9B2C6DDB95003FEEC3 /* Resources */,
			);
			buildRules = (
			);
			dependencies = (
				9AE5AA9F2C6DDB95003FEEC3 /* PBXTargetDependency */,
			);
			name = "Netflix-iOSCloneUITests";
			productName = "Netflix-iOSCloneUITests";
			productReference = 9AE5AA9D2C6DDB95003FEEC3 /* Netflix-iOSCloneUITests.xctest */;
			productType = "com.apple.product-type.bundle.ui-testing";
		};
/* End PBXNativeTarget section */

/* Begin PBXProject section */
		9AE5AA7B2C6DDB93003FEEC3 /* Project object */ = {
			isa = PBXProject;
			attributes = {
				BuildIndependentTargetsInParallel = 1;
				LastSwiftUpdateCheck = 1530;
				LastUpgradeCheck = 1530;
				TargetAttributes = {
					9AE5AA822C6DDB93003FEEC3 = {
						CreatedOnToolsVersion = 15.3;
					};
					9AE5AA922C6DDB95003FEEC3 = {
						CreatedOnToolsVersion = 15.3;
						TestTargetID = 9AE5AA822C6DDB93003FEEC3;
					};
					9AE5AA9C2C6DDB95003FEEC3 = {
						CreatedOnToolsVersion = 15.3;
						TestTargetID = 9AE5AA822C6DDB93003FEEC3;
					};
				};
			};
			buildConfigurationList = 9AE5AA7E2C6DDB93003FEEC3 /* Build configuration list for PBXProject "Netflix-iOSClone" */;
			compatibilityVersion = "Xcode 14.0";
			developmentRegion = en;
			hasScannedForEncodings = 0;
			knownRegions = (
				en,
				Base,
			);
			mainGroup = 9AE5AA7A2C6DDB93003FEEC3;
			productRefGroup = 9AE5AA842C6DDB93003FEEC3 /* Products */;
			projectDirPath = "";
			projectRoot = "";
			targets = (
				9AE5AA822C6DDB93003FEEC3 /* Netflix-iOSClone */,
				9AE5AA922C6DDB95003FEEC3 /* Netflix-iOSCloneTests */,
				9AE5AA9C2C6DDB95003FEEC3 /* Netflix-iOSCloneUITests */,
			);
		};
/* End PBXProject section */

/* Begin PBXResourcesBuildPhase section */
		9AE5AA812C6DDB93003FEEC3 /* Resources */ = {
			isa = PBXResourcesBuildPhase;
			buildActionMask = 2147483647;
			files = (
				9AE5AA8E2C6DDB95003FEEC3 /* Preview Assets.xcassets in Resources */,
				9AE5AA8B2C6DDB95003FEEC3 /* Assets.xcassets in Resources */,
			);
			runOnlyForDeploymentPostprocessing = 0;
		};
		9AE5AA912C6DDB95003FEEC3 /* Resources */ = {
			isa = PBXResourcesBuildPhase;
			buildActionMask = 2147483647;
			files = (
			);
			runOnlyForDeploymentPostprocessing = 0;
		};
		9AE5AA9B2C6DDB95003FEEC3 /* Resources */ = {
			isa = PBXResourcesBuildPhase;
			buildActionMask = 2147483647;
			files = (
			);
			runOnlyForDeploymentPostprocessing = 0;
		};
/* End PBXResourcesBuildPhase section */

/* Begin PBXSourcesBuildPhase section */
		9AE5AA7F2C6DDB93003FEEC3 /* Sources */ = {
			isa = PBXSourcesBuildPhase;
			buildActionMask = 2147483647;
			files = (
				9AE5AAB72C6DF00F003FEEC3 /* FilterScrollView.swift in Sources */,
				9AE5AAB32C6DDCDA003FEEC3 /* HomeView.swift in Sources */,
				9AE5AAB52C6DEC41003FEEC3 /* FilterCell.swift in Sources */,
				9AE5AABA2C6DF0D6003FEEC3 /* FilterModel.swift in Sources */,
				9AE5AA892C6DDB93003FEEC3 /* ContentView.swift in Sources */,
				9AE5AA872C6DDB93003FEEC3 /* Netflix_iOSCloneApp.swift in Sources */,
			);
			runOnlyForDeploymentPostprocessing = 0;
		};
		9AE5AA8F2C6DDB95003FEEC3 /* Sources */ = {
			isa = PBXSourcesBuildPhase;
			buildActionMask = 2147483647;
			files = (
				9AE5AA982C6DDB95003FEEC3 /* Netflix_iOSCloneTests.swift in Sources */,
			);
			runOnlyForDeploymentPostprocessing = 0;
		};
		9AE5AA992C6DDB95003FEEC3 /* Sources */ = {
			isa = PBXSourcesBuildPhase;
			buildActionMask = 2147483647;
			files = (
				9AE5AAA22C6DDB95003FEEC3 /* Netflix_iOSCloneUITests.swift in Sources */,
				9AE5AAA42C6DDB95003FEEC3 /* Netflix_iOSCloneUITestsLaunchTests.swift in Sources */,
			);
			runOnlyForDeploymentPostprocessing = 0;
		};
/* End PBXSourcesBuildPhase section */

/* Begin PBXTargetDependency section */
		9AE5AA952C6DDB95003FEEC3 /* PBXTargetDependency */ = {
			isa = PBXTargetDependency;
			target = 9AE5AA822C6DDB93003FEEC3 /* Netflix-iOSClone */;
			targetProxy = 9AE5AA942C6DDB95003FEEC3 /* PBXContainerItemProxy */;
		};
		9AE5AA9F2C6DDB95003FEEC3 /* PBXTargetDependency */ = {
			isa = PBXTargetDependency;
			target = 9AE5AA822C6DDB93003FEEC3 /* Netflix-iOSClone */;
			targetProxy = 9AE5AA9E2C6DDB95003FEEC3 /* PBXContainerItemProxy */;
		};
/* End PBXTargetDependency section */

/* Begin XCBuildConfiguration section */
		9AE5AAA52C6DDB95003FEEC3 /* Debug */ = {
			isa = XCBuildConfiguration;
			buildSettings = {
				ALWAYS_SEARCH_USER_PATHS = NO;
				ASSETCATALOG_COMPILER_GENERATE_SWIFT_ASSET_SYMBOL_EXTENSIONS = YES;
				CLANG_ANALYZER_NONNULL = YES;
				CLANG_ANALYZER_NUMBER_OBJECT_CONVERSION = YES_AGGRESSIVE;
				CLANG_CXX_LANGUAGE_STANDARD = "gnu++20";
				CLANG_ENABLE_MODULES = YES;
				CLANG_ENABLE_OBJC_ARC = YES;
				CLANG_ENABLE_OBJC_WEAK = YES;
				CLANG_WARN_BLOCK_CAPTURE_AUTORELEASING = YES;
				CLANG_WARN_BOOL_CONVERSION = YES;
				CLANG_WARN_COMMA = YES;
				CLANG_WARN_CONSTANT_CONVERSION = YES;
				CLANG_WARN_DEPRECATED_OBJC_IMPLEMENTATIONS = YES;
				CLANG_WARN_DIRECT_OBJC_ISA_USAGE = YES_ERROR;
				CLANG_WARN_DOCUMENTATION_COMMENTS = YES;
				CLANG_WARN_EMPTY_BODY = YES;
				CLANG_WARN_ENUM_CONVERSION = YES;
				CLANG_WARN_INFINITE_RECURSION = YES;
				CLANG_WARN_INT_CONVERSION = YES;
				CLANG_WARN_NON_LITERAL_NULL_CONVERSION = YES;
				CLANG_WARN_OBJC_IMPLICIT_RETAIN_SELF = YES;
				CLANG_WARN_OBJC_LITERAL_CONVERSION = YES;
				CLANG_WARN_OBJC_ROOT_CLASS = YES_ERROR;
				CLANG_WARN_QUOTED_INCLUDE_IN_FRAMEWORK_HEADER = YES;
				CLANG_WARN_RANGE_LOOP_ANALYSIS = YES;
				CLANG_WARN_STRICT_PROTOTYPES = YES;
				CLANG_WARN_SUSPICIOUS_MOVE = YES;
				CLANG_WARN_UNGUARDED_AVAILABILITY = YES_AGGRESSIVE;
				CLANG_WARN_UNREACHABLE_CODE = YES;
				CLANG_WARN__DUPLICATE_METHOD_MATCH = YES;
				COPY_PHASE_STRIP = NO;
				DEBUG_INFORMATION_FORMAT = dwarf;
				ENABLE_STRICT_OBJC_MSGSEND = YES;
				ENABLE_TESTABILITY = YES;
				ENABLE_USER_SCRIPT_SANDBOXING = YES;
				GCC_C_LANGUAGE_STANDARD = gnu17;
				GCC_DYNAMIC_NO_PIC = NO;
				GCC_NO_COMMON_BLOCKS = YES;
				GCC_OPTIMIZATION_LEVEL = 0;
				GCC_PREPROCESSOR_DEFINITIONS = (
					"DEBUG=1",
					"$(inherited)",
				);
				GCC_WARN_64_TO_32_BIT_CONVERSION = YES;
				GCC_WARN_ABOUT_RETURN_TYPE = YES_ERROR;
				GCC_WARN_UNDECLARED_SELECTOR = YES;
				GCC_WARN_UNINITIALIZED_AUTOS = YES_AGGRESSIVE;
				GCC_WARN_UNUSED_FUNCTION = YES;
				GCC_WARN_UNUSED_VARIABLE = YES;
				IPHONEOS_DEPLOYMENT_TARGET = 17.4;
				LOCALIZATION_PREFERS_STRING_CATALOGS = YES;
				MTL_ENABLE_DEBUG_INFO = INCLUDE_SOURCE;
				MTL_FAST_MATH = YES;
				ONLY_ACTIVE_ARCH = YES;
				SDKROOT = iphoneos;
				SWIFT_ACTIVE_COMPILATION_CONDITIONS = "DEBUG $(inherited)";
				SWIFT_OPTIMIZATION_LEVEL = "-Onone";
			};
			name = Debug;
		};
		9AE5AAA62C6DDB95003FEEC3 /* Release */ = {
			isa = XCBuildConfiguration;
			buildSettings = {
				ALWAYS_SEARCH_USER_PATHS = NO;
				ASSETCATALOG_COMPILER_GENERATE_SWIFT_ASSET_SYMBOL_EXTENSIONS = YES;
				CLANG_ANALYZER_NONNULL = YES;
				CLANG_ANALYZER_NUMBER_OBJECT_CONVERSION = YES_AGGRESSIVE;
				CLANG_CXX_LANGUAGE_STANDARD = "gnu++20";
				CLANG_ENABLE_MODULES = YES;
				CLANG_ENABLE_OBJC_ARC = YES;
				CLANG_ENABLE_OBJC_WEAK = YES;
				CLANG_WARN_BLOCK_CAPTURE_AUTORELEASING = YES;
				CLANG_WARN_BOOL_CONVERSION = YES;
				CLANG_WARN_COMMA = YES;
				CLANG_WARN_CONSTANT_CONVERSION = YES;
				CLANG_WARN_DEPRECATED_OBJC_IMPLEMENTATIONS = YES;
				CLANG_WARN_DIRECT_OBJC_ISA_USAGE = YES_ERROR;
				CLANG_WARN_DOCUMENTATION_COMMENTS = YES;
				CLANG_WARN_EMPTY_BODY = YES;
				CLANG_WARN_ENUM_CONVERSION = YES;
				CLANG_WARN_INFINITE_RECURSION = YES;
				CLANG_WARN_INT_CONVERSION = YES;
				CLANG_WARN_NON_LITERAL_NULL_CONVERSION = YES;
				CLANG_WARN_OBJC_IMPLICIT_RETAIN_SELF = YES;
				CLANG_WARN_OBJC_LITERAL_CONVERSION = YES;
				CLANG_WARN_OBJC_ROOT_CLASS = YES_ERROR;
				CLANG_WARN_QUOTED_INCLUDE_IN_FRAMEWORK_HEADER = YES;
				CLANG_WARN_RANGE_LOOP_ANALYSIS = YES;
				CLANG_WARN_STRICT_PROTOTYPES = YES;
				CLANG_WARN_SUSPICIOUS_MOVE = YES;
				CLANG_WARN_UNGUARDED_AVAILABILITY = YES_AGGRESSIVE;
				CLANG_WARN_UNREACHABLE_CODE = YES;
				CLANG_WARN__DUPLICATE_METHOD_MATCH = YES;
				COPY_PHASE_STRIP = NO;
				DEBUG_INFORMATION_FORMAT = "dwarf-with-dsym";
				ENABLE_NS_ASSERTIONS = NO;
				ENABLE_STRICT_OBJC_MSGSEND = YES;
				ENABLE_USER_SCRIPT_SANDBOXING = YES;
				GCC_C_LANGUAGE_STANDARD = gnu17;
				GCC_NO_COMMON_BLOCKS = YES;
				GCC_WARN_64_TO_32_BIT_CONVERSION = YES;
				GCC_WARN_ABOUT_RETURN_TYPE = YES_ERROR;
				GCC_WARN_UNDECLARED_SELECTOR = YES;
				GCC_WARN_UNINITIALIZED_AUTOS = YES_AGGRESSIVE;
				GCC_WARN_UNUSED_FUNCTION = YES;
				GCC_WARN_UNUSED_VARIABLE = YES;
				IPHONEOS_DEPLOYMENT_TARGET = 17.4;
				LOCALIZATION_PREFERS_STRING_CATALOGS = YES;
				MTL_ENABLE_DEBUG_INFO = NO;
				MTL_FAST_MATH = YES;
				SDKROOT = iphoneos;
				SWIFT_COMPILATION_MODE = wholemodule;
				VALIDATE_PRODUCT = YES;
			};
			name = Release;
		};
		9AE5AAA82C6DDB95003FEEC3 /* Debug */ = {
			isa = XCBuildConfiguration;
			buildSettings = {
				ASSETCATALOG_COMPILER_APPICON_NAME = AppIcon;
				ASSETCATALOG_COMPILER_GLOBAL_ACCENT_COLOR_NAME = AccentColor;
				CODE_SIGN_STYLE = Automatic;
				CURRENT_PROJECT_VERSION = 1;
				DEVELOPMENT_ASSET_PATHS = "\"Netflix-iOSClone/Preview Content\"";
				ENABLE_PREVIEWS = YES;
				GENERATE_INFOPLIST_FILE = YES;
				INFOPLIST_KEY_UIApplicationSceneManifest_Generation = YES;
				INFOPLIST_KEY_UIApplicationSupportsIndirectInputEvents = YES;
				INFOPLIST_KEY_UILaunchScreen_Generation = YES;
				INFOPLIST_KEY_UISupportedInterfaceOrientations_iPad = "UIInterfaceOrientationPortrait UIInterfaceOrientationPortraitUpsideDown UIInterfaceOrientationLandscapeLeft UIInterfaceOrientationLandscapeRight";
				INFOPLIST_KEY_UISupportedInterfaceOrientations_iPhone = "UIInterfaceOrientationPortrait UIInterfaceOrientationLandscapeLeft UIInterfaceOrientationLandscapeRight";
				LD_RUNPATH_SEARCH_PATHS = (
					"$(inherited)",
					"@executable_path/Frameworks",
				);
				MARKETING_VERSION = 1.0;
				PRODUCT_BUNDLE_IDENTIFIER = "com.adam.Netflix-iOSClone";
				PRODUCT_NAME = "$(TARGET_NAME)";
				SWIFT_EMIT_LOC_STRINGS = YES;
				SWIFT_VERSION = 5.0;
				TARGETED_DEVICE_FAMILY = "1,2";
			};
			name = Debug;
		};
		9AE5AAA92C6DDB95003FEEC3 /* Release */ = {
			isa = XCBuildConfiguration;
			buildSettings = {
				ASSETCATALOG_COMPILER_APPICON_NAME = AppIcon;
				ASSETCATALOG_COMPILER_GLOBAL_ACCENT_COLOR_NAME = AccentColor;
				CODE_SIGN_STYLE = Automatic;
				CURRENT_PROJECT_VERSION = 1;
				DEVELOPMENT_ASSET_PATHS = "\"Netflix-iOSClone/Preview Content\"";
				ENABLE_PREVIEWS = YES;
				GENERATE_INFOPLIST_FILE = YES;
				INFOPLIST_KEY_UIApplicationSceneManifest_Generation = YES;
				INFOPLIST_KEY_UIApplicationSupportsIndirectInputEvents = YES;
				INFOPLIST_KEY_UILaunchScreen_Generation = YES;
				INFOPLIST_KEY_UISupportedInterfaceOrientations_iPad = "UIInterfaceOrientationPortrait UIInterfaceOrientationPortraitUpsideDown UIInterfaceOrientationLandscapeLeft UIInterfaceOrientationLandscapeRight";
				INFOPLIST_KEY_UISupportedInterfaceOrientations_iPhone = "UIInterfaceOrientationPortrait UIInterfaceOrientationLandscapeLeft UIInterfaceOrientationLandscapeRight";
				LD_RUNPATH_SEARCH_PATHS = (
					"$(inherited)",
					"@executable_path/Frameworks",
				);
				MARKETING_VERSION = 1.0;
				PRODUCT_BUNDLE_IDENTIFIER = "com.adam.Netflix-iOSClone";
				PRODUCT_NAME = "$(TARGET_NAME)";
				SWIFT_EMIT_LOC_STRINGS = YES;
				SWIFT_VERSION = 5.0;
				TARGETED_DEVICE_FAMILY = "1,2";
			};
			name = Release;
		};
		9AE5AAAB2C6DDB95003FEEC3 /* Debug */ = {
			isa = XCBuildConfiguration;
			buildSettings = {
				ALWAYS_EMBED_SWIFT_STANDARD_LIBRARIES = YES;
				BUNDLE_LOADER = "$(TEST_HOST)";
				CODE_SIGN_STYLE = Automatic;
				CURRENT_PROJECT_VERSION = 1;
				GENERATE_INFOPLIST_FILE = YES;
				IPHONEOS_DEPLOYMENT_TARGET = 17.4;
				MARKETING_VERSION = 1.0;
				PRODUCT_BUNDLE_IDENTIFIER = "com.adam.Netflix-iOSCloneTests";
				PRODUCT_NAME = "$(TARGET_NAME)";
				SWIFT_EMIT_LOC_STRINGS = NO;
				SWIFT_VERSION = 5.0;
				TARGETED_DEVICE_FAMILY = "1,2";
				TEST_HOST = "$(BUILT_PRODUCTS_DIR)/Netflix-iOSClone.app/$(BUNDLE_EXECUTABLE_FOLDER_PATH)/Netflix-iOSClone";
			};
			name = Debug;
		};
		9AE5AAAC2C6DDB95003FEEC3 /* Release */ = {
			isa = XCBuildConfiguration;
			buildSettings = {
				ALWAYS_EMBED_SWIFT_STANDARD_LIBRARIES = YES;
				BUNDLE_LOADER = "$(TEST_HOST)";
				CODE_SIGN_STYLE = Automatic;
				CURRENT_PROJECT_VERSION = 1;
				GENERATE_INFOPLIST_FILE = YES;
				IPHONEOS_DEPLOYMENT_TARGET = 17.4;
				MARKETING_VERSION = 1.0;
				PRODUCT_BUNDLE_IDENTIFIER = "com.adam.Netflix-iOSCloneTests";
				PRODUCT_NAME = "$(TARGET_NAME)";
				SWIFT_EMIT_LOC_STRINGS = NO;
				SWIFT_VERSION = 5.0;
				TARGETED_DEVICE_FAMILY = "1,2";
				TEST_HOST = "$(BUILT_PRODUCTS_DIR)/Netflix-iOSClone.app/$(BUNDLE_EXECUTABLE_FOLDER_PATH)/Netflix-iOSClone";
			};
			name = Release;
		};
		9AE5AAAE2C6DDB95003FEEC3 /* Debug */ = {
			isa = XCBuildConfiguration;
			buildSettings = {
				ALWAYS_EMBED_SWIFT_STANDARD_LIBRARIES = YES;
				CODE_SIGN_STYLE = Automatic;
				CURRENT_PROJECT_VERSION = 1;
				GENERATE_INFOPLIST_FILE = YES;
				MARKETING_VERSION = 1.0;
				PRODUCT_BUNDLE_IDENTIFIER = "com.adam.Netflix-iOSCloneUITests";
				PRODUCT_NAME = "$(TARGET_NAME)";
				SWIFT_EMIT_LOC_STRINGS = NO;
				SWIFT_VERSION = 5.0;
				TARGETED_DEVICE_FAMILY = "1,2";
				TEST_TARGET_NAME = "Netflix-iOSClone";
			};
			name = Debug;
		};
		9AE5AAAF2C6DDB95003FEEC3 /* Release */ = {
			isa = XCBuildConfiguration;
			buildSettings = {
				ALWAYS_EMBED_SWIFT_STANDARD_LIBRARIES = YES;
				CODE_SIGN_STYLE = Automatic;
				CURRENT_PROJECT_VERSION = 1;
				GENERATE_INFOPLIST_FILE = YES;
				MARKETING_VERSION = 1.0;
				PRODUCT_BUNDLE_IDENTIFIER = "com.adam.Netflix-iOSCloneUITests";
				PRODUCT_NAME = "$(TARGET_NAME)";
				SWIFT_EMIT_LOC_STRINGS = NO;
				SWIFT_VERSION = 5.0;
				TARGETED_DEVICE_FAMILY = "1,2";
				TEST_TARGET_NAME = "Netflix-iOSClone";
			};
			name = Release;
		};
/* End XCBuildConfiguration section */

/* Begin XCConfigurationList section */
		9AE5AA7E2C6DDB93003FEEC3 /* Build configuration list for PBXProject "Netflix-iOSClone" */ = {
			isa = XCConfigurationList;
			buildConfigurations = (
				9AE5AAA52C6DDB95003FEEC3 /* Debug */,
				9AE5AAA62C6DDB95003FEEC3 /* Release */,
			);
			defaultConfigurationIsVisible = 0;
			defaultConfigurationName = Release;
		};
		9AE5AAA72C6DDB95003FEEC3 /* Build configuration list for PBXNativeTarget "Netflix-iOSClone" */ = {
			isa = XCConfigurationList;
			buildConfigurations = (
				9AE5AAA82C6DDB95003FEEC3 /* Debug */,
				9AE5AAA92C6DDB95003FEEC3 /* Release */,
			);
			defaultConfigurationIsVisible = 0;
			defaultConfigurationName = Release;
		};
		9AE5AAAA2C6DDB95003FEEC3 /* Build configuration list for PBXNativeTarget "Netflix-iOSCloneTests" */ = {
			isa = XCConfigurationList;
			buildConfigurations = (
				9AE5AAAB2C6DDB95003FEEC3 /* Debug */,
				9AE5AAAC2C6DDB95003FEEC3 /* Release */,
			);
			defaultConfigurationIsVisible = 0;
			defaultConfigurationName = Release;
		};
		9AE5AAAD2C6DDB95003FEEC3 /* Build configuration list for PBXNativeTarget "Netflix-iOSCloneUITests" */ = {
			isa = XCConfigurationList;
			buildConfigurations = (
				9AE5AAAE2C6DDB95003FEEC3 /* Debug */,
				9AE5AAAF2C6DDB95003FEEC3 /* Release */,
			);
			defaultConfigurationIsVisible = 0;
			defaultConfigurationName = Release;
		};
/* End XCConfigurationList section */
	};
	rootObject = 9AE5AA7B2C6DDB93003FEEC3 /* Project object */;
}
